github.com/davecgh/go-spew v1.1.1 h1:vj9j/u1bqnvCEfJOwUhtlOARqs3+rkHYY13jYWTU97c=
github.com/davecgh/go-spew v1.1.1/go.mod h1:J7Y8YcW2NihsgmVo/mv3lAwl/skON4iLHjSsI+c5H38=
github.com/orcaman/concurrent-map v0.0.0-20210106121528-16402b402231 h1:fa50YL1pzKW+1SsBnJDOHppJN9stOEwS+CRWyUtyYGU=
github.com/orcaman/concurrent-map v0.0.0-20210106121528-16402b402231/go.mod h1:Lu3tH6HLW3feq74c2GC+jIMS/K2CFcDWnWD9XkenwhI=
